version = 1
revision = 3
requires-python = ">=3.11"

[[package]]
name = "mark-scraper"
version = "0.1.0"
source = { virtual = "." }
dependencies = [
    { name = "pypdf" },
]

[package.metadata]
requires-dist = [{ name = "pypdf", specifier = ">=6.7.1" }]

[[package]]
name = "pypdf"
version = "6.7.1"
source = { registry = "https://pypi.org/simple" }
sdist = { url = "https://files.pythonhosted.org/packages/ff/63/3437c4363483f2a04000a48f1cd48c40097f69d580363712fa8b0b4afe45/pypdf-6.7.1.tar.gz", hash = "sha256:6b7a63be5563a0a35d54c6d6b550d75c00b8ccf36384be96365355e296e6b3b0", size = 5302208, upload-time = "2026-02-17T17:00:48.88Z" }
wheels = [
    { url = "https://files.pythonhosted.org/packages/68/77/38bd7744bb9e06d465b0c23879e6d2c187d93a383f8fa485c862822bb8a3/pypdf-6.7.1-py3-none-any.whl", hash = "sha256:a02ccbb06463f7c334ce1612e91b3e68a8e827f3cee100b9941771e6066b094e", size = 331048, upload-time = "2026-02-17T17:00:46.991Z" },
]
